
Microsoft Visual Studio Solution File, Format Version 12.00
Project("{FAE04EC0-301F-11D3-BF4B-00C04F79EFBC}") = "ExampleGame", "ExampleGame\ExampleGame.csproj", "{BC61792A-0B61-43C4-9393-0FF89C606CB5}"
EndProject
Project("{FAE04EC0-301F-11D3-BF4B-00C04F79EFBC}") = "ExampleGame.Editor", "ExampleGame.Editor\ExampleGame.Editor.csproj", "{4886F8C8-0E43-4E24-9ED1-A335F46D5735}"
EndProject
Global
	GlobalSection(SolutionConfigurationPlatforms) = preSolution
		Debug|Any CPU = Debug|Any CPU
		Release|Any CPU = Release|Any CPU
	EndGlobalSection
	GlobalSection(ProjectConfigurationPlatforms) = postSolution
		{BC61792A-0B61-43C4-9393-0FF89C606CB5}.Debug|Any CPU.ActiveCfg = Debug|Any CPU
		{BC61792A-0B61-43C4-9393-0FF89C606CB5}.Debug|Any CPU.Build.0 = Debug|Any CPU
		{BC61792A-0B61-43C4-9393-0FF89C606CB5}.Release|Any CPU.ActiveCfg = Release|Any CPU
		{BC61792A-0B61-43C4-9393-0FF89C606CB5}.Release|Any CPU.Build.0 = Release|Any CPU
		{4886F8C8-0E43-4E24-9ED1-A335F46D5735}.Debug|Any CPU.ActiveCfg = Debug|Any CPU
		{4886F8C8-0E43-4E24-9ED1-A335F46D5735}.Debug|Any CPU.Build.0 = Debug|Any CPU
		{4886F8C8-0E43-4E24-9ED1-A335F46D5735}.Release|Any CPU.ActiveCfg = Release|Any CPU
		{4886F8C8-0E43-4E24-9ED1-A335F46D5735}.Release|Any CPU.Build.0 = Release|Any CPU
	EndGlobalSection
EndGlobal
